
Microsoft Visual Studio Solution File, Format Version 12.00
# Visual Studio Version 16
VisualStudioVersion = 16.0.29911.84
MinimumVisualStudioVersion = 10.0.40219.1
Project("{FAE04EC0-301F-11D3-BF4B-00C04F79EFBC}") = "口琴练琴助手", "口琴练琴助手\口琴练琴助手.csproj", "{6AE63AE4-C9B1-4CD3-8ADB-68916B13583D}"
EndProject
Global
	GlobalSection(SolutionConfigurationPlatforms) = preSolution
		Debug|Any CPU = Debug|Any CPU
		Release|Any CPU = Release|Any CPU
	EndGlobalSection
	GlobalSection(ProjectConfigurationPlatforms) = postSolution
		{6AE63AE4-C9B1-4CD3-8ADB-68916B13583D}.Debug|Any CPU.ActiveCfg = Debug|Any CPU
		{6AE63AE4-C9B1-4CD3-8ADB-68916B13583D}.Debug|Any CPU.Build.0 = Debug|Any CPU
		{6AE63AE4-C9B1-4CD3-8ADB-68916B13583D}.Release|Any CPU.ActiveCfg = Release|Any CPU
		{6AE63AE4-C9B1-4CD3-8ADB-68916B13583D}.Release|Any CPU.Build.0 = Release|Any CPU
	EndGlobalSection
	GlobalSection(SolutionProperties) = preSolution
		HideSolutionNode = FALSE
	EndGlobalSection
	GlobalSection(ExtensibilityGlobals) = postSolution
		SolutionGuid = {A92F9714-5CEB-419C-B480-E9B6E0DFFF0E}
	EndGlobalSection
EndGlobal
